
Microsoft Visual Studio Solution File, Format Version 12.00
# Visual Studio Version 16
VisualStudioVersion = 16.0.31702.278
MinimumVisualStudioVersion = 10.0.40219.1
Project("{FAE04EC0-301F-11D3-BF4B-00C04F79EFBC}") = "ProjetoFinal44", "ProjetoFinal44\ProjetoFinal44.csproj", "{F2C8AD3E-E850-490A-A6DA-F25C4A1ABBB6}"
EndProject
Global
	GlobalSection(SolutionConfigurationPlatforms) = preSolution
		Debug|Any CPU = Debug|Any CPU
		Release|Any CPU = Release|Any CPU
	EndGlobalSection
	GlobalSection(ProjectConfigurationPlatforms) = postSolution
		{F2C8AD3E-E850-490A-A6DA-F25C4A1ABBB6}.Debug|Any CPU.ActiveCfg = Debug|Any CPU
		{F2C8AD3E-E850-490A-A6DA-F25C4A1ABBB6}.Debug|Any CPU.Build.0 = Debug|Any CPU
		{F2C8AD3E-E850-490A-A6DA-F25C4A1ABBB6}.Release|Any CPU.ActiveCfg = Release|Any CPU
		{F2C8AD3E-E850-490A-A6DA-F25C4A1ABBB6}.Release|Any CPU.Build.0 = Release|Any CPU
	EndGlobalSection
	GlobalSection(SolutionProperties) = preSolution
		HideSolutionNode = FALSE
	EndGlobalSection
	GlobalSection(ExtensibilityGlobals) = postSolution
		SolutionGuid = {D750F51C-4FF8-4D3A-90EF-5039D207C843}
	EndGlobalSection
EndGlobal
